// !$*UTF8*$!
{
	archiveVersion = 1;
	classes = {
	};
	objectVersion = 46;
	objects = {

/* Begin PBXBuildFile section */
		4369A1DE1D9CB3A1005850ED /* ViewFrameExtension.swift in Sources */ = {isa = PBXBuildFile; fileRef = 4369A1DB1D9CB3A1005850ED /* ViewFrameExtension.swift */; };
		436F393C1D9BBEAA002ECE19 /* DataManager.swift in Sources */ = {isa = PBXBuildFile; fileRef = 436F393B1D9BBEAA002ECE19 /* DataManager.swift */; };
		436F393F1D9BBF76002ECE19 /* ReviewPaperViewController.swift in Sources */ = {isa = PBXBuildFile; fileRef = 436F393E1D9BBF76002ECE19 /* ReviewPaperViewController.swift */; };
		436F39411D9BBF91002ECE19 /* ReviewPaperTableView.swift in Sources */ = {isa = PBXBuildFile; fileRef = 436F39401D9BBF91002ECE19 /* ReviewPaperTableView.swift */; };
		436F39431D9BC0D4002ECE19 /* QuestionTableViewCell.swift in Sources */ = {isa = PBXBuildFile; fileRef = 436F39421D9BC0D4002ECE19 /* QuestionTableViewCell.swift */; };
		BAB2A1C11D9BA814003971E7 /* AppDelegate.swift in Sources */ = {isa = PBXBuildFile; fileRef = BAB2A1C01D9BA814003971E7 /* AppDelegate.swift */; };
		BAB2A1C81D9BA814003971E7 /* Assets.xcassets in Resources */ = {isa = PBXBuildFile; fileRef = BAB2A1C71D9BA814003971E7 /* Assets.xcassets */; };
		BAB2A1D31D9BAAB0003971E7 /* Default-568h@2x.png in Resources */ = {isa = PBXBuildFile; fileRef = BAB2A1D21D9BAAB0003971E7 /* Default-568h@2x.png */; };
		BAB2A1D71D9BAAC3003971E7 /* PaperModel.swift in Sources */ = {isa = PBXBuildFile; fileRef = BAB2A1D61D9BAAC3003971E7 /* PaperModel.swift */; };
		BAB2A1DA1D9BAACF003971E7 /* BlockDefination.swift in Sources */ = {isa = PBXBuildFile; fileRef = BAB2A1D91D9BAACF003971E7 /* BlockDefination.swift */; };
		BAB2A1DD1D9BAAFD003971E7 /* MainViewController.swift in Sources */ = {isa = PBXBuildFile; fileRef = BAB2A1DB1D9BAAFD003971E7 /* MainViewController.swift */; };
		BAB2A1DE1D9BAAFD003971E7 /* MainViewController.xib in Resources */ = {isa = PBXBuildFile; fileRef = BAB2A1DC1D9BAAFD003971E7 /* MainViewController.xib */; };
		BAB2A1E01D9BAC53003971E7 /* SettingTableView.swift in Sources */ = {isa = PBXBuildFile; fileRef = BAB2A1DF1D9BAC53003971E7 /* SettingTableView.swift */; };
/* End PBXBuildFile section */

/* Begin PBXFileReference section */
		4369A1DB1D9CB3A1005850ED /* ViewFrameExtension.swift */ = {isa = PBXFileReference; fileEncoding = 4; lastKnownFileType = sourcecode.swift; path = ViewFrameExtension.swift; sourceTree = "<group>"; };
		436F393B1D9BBEAA002ECE19 /* DataManager.swift */ = {isa = PBXFileReference; fileEncoding = 4; lastKnownFileType = sourcecode.swift; path = DataManager.swift; sourceTree = "<group>"; };
		436F393E1D9BBF76002ECE19 /* ReviewPaperViewController.swift */ = {isa = PBXFileReference; fileEncoding = 4; lastKnownFileType = sourcecode.swift; path = ReviewPaperViewController.swift; sourceTree = "<group>"; };
		436F39401D9BBF91002ECE19 /* ReviewPaperTableView.swift */ = {isa = PBXFileReference; fileEncoding = 4; lastKnownFileType = sourcecode.swift; path = ReviewPaperTableView.swift; sourceTree = "<group>"; };
		436F39421D9BC0D4002ECE19 /* QuestionTableViewCell.swift */ = {isa = PBXFileReference; fileEncoding = 4; lastKnownFileType = sourcecode.swift; path = QuestionTableViewCell.swift; sourceTree = "<group>"; };
		BAB2A1BD1D9BA814003971E7 /* PaperCalculator.app */ = {isa = PBXFileReference; explicitFileType = wrapper.application; includeInIndex = 0; path = PaperCalculator.app; sourceTree = BUILT_PRODUCTS_DIR; };
		BAB2A1C01D9BA814003971E7 /* AppDelegate.swift */ = {isa = PBXFileReference; lastKnownFileType = sourcecode.swift; path = AppDelegate.swift; sourceTree = "<group>"; };
		BAB2A1C71D9BA814003971E7 /* Assets.xcassets */ = {isa = PBXFileReference; lastKnownFileType = folder.assetcatalog; path = Assets.xcassets; sourceTree = "<group>"; };
		BAB2A1CC1D9BA814003971E7 /* Info.plist */ = {isa = PBXFileReference; lastKnownFileType = text.plist.xml; path = Info.plist; sourceTree = "<group>"; };
		BAB2A1D21D9BAAB0003971E7 /* Default-568h@2x.png */ = {isa = PBXFileReference; lastKnownFileType = image.png; path = "Default-568h@2x.png"; sourceTree = "<group>"; };
		BAB2A1D61D9BAAC3003971E7 /* PaperModel.swift */ = {isa = PBXFileReference; fileEncoding = 4; lastKnownFileType = sourcecode.swift; path = PaperModel.swift; sourceTree = "<group>"; };
		BAB2A1D91D9BAACF003971E7 /* BlockDefination.swift */ = {isa = PBXFileReference; fileEncoding = 4; lastKnownFileType = sourcecode.swift; path = BlockDefination.swift; sourceTree = "<group>"; };
		BAB2A1DB1D9BAAFD003971E7 /* MainViewController.swift */ = {isa = PBXFileReference; fileEncoding = 4; lastKnownFileType = sourcecode.swift; path = MainViewController.swift; sourceTree = "<group>"; };
		BAB2A1DC1D9BAAFD003971E7 /* MainViewController.xib */ = {isa = PBXFileReference; fileEncoding = 4; lastKnownFileType = file.xib; path = MainViewController.xib; sourceTree = "<group>"; };
		BAB2A1DF1D9BAC53003971E7 /* SettingTableView.swift */ = {isa = PBXFileReference; fileEncoding = 4; lastKnownFileType = sourcecode.swift; path = SettingTableView.swift; sourceTree = "<group>"; };
/* End PBXFileReference section */

/* Begin PBXFrameworksBuildPhase section */
		BAB2A1BA1D9BA814003971E7 /* Frameworks */ = {
			isa = PBXFrameworksBuildPhase;
			buildActionMask = 2147483647;
			files = (
			);
			runOnlyForDeploymentPostprocessing = 0;
		};
/* End PBXFrameworksBuildPhase section */

/* Begin PBXGroup section */
		4369A1D81D9CB3A1005850ED /* Extension */ = {
			isa = PBXGroup;
			children = (
				4369A1DB1D9CB3A1005850ED /* ViewFrameExtension.swift */,
			);
			path = Extension;
			sourceTree = "<group>";
		};
		436F393D1D9BBF1D002ECE19 /* Views */ = {
			isa = PBXGroup;
			children = (
				436F39401D9BBF91002ECE19 /* ReviewPaperTableView.swift */,
				436F39421D9BC0D4002ECE19 /* QuestionTableViewCell.swift */,
			);
			path = Views;
			sourceTree = "<group>";
		};
		BAB2A1B41D9BA814003971E7 = {
			isa = PBXGroup;
			children = (
				BAB2A1BF1D9BA814003971E7 /* PaperCalculator */,
				BAB2A1BE1D9BA814003971E7 /* Products */,
			);
			sourceTree = "<group>";
		};
		BAB2A1BE1D9BA814003971E7 /* Products */ = {
			isa = PBXGroup;
			children = (
				BAB2A1BD1D9BA814003971E7 /* PaperCalculator.app */,
			);
			name = Products;
			sourceTree = "<group>";
		};
		BAB2A1BF1D9BA814003971E7 /* PaperCalculator */ = {
			isa = PBXGroup;
			children = (
				4369A1D81D9CB3A1005850ED /* Extension */,
				436F393D1D9BBF1D002ECE19 /* Views */,
				BAB2A1D41D9BAABC003971E7 /* Class */,
				BAB2A1D81D9BAACF003971E7 /* Utility */,
				BAB2A1D51D9BAAC3003971E7 /* Model */,
				BAB2A1C01D9BA814003971E7 /* AppDelegate.swift */,
				BAB2A1C71D9BA814003971E7 /* Assets.xcassets */,
				BAB2A1D21D9BAAB0003971E7 /* Default-568h@2x.png */,
				BAB2A1CC1D9BA814003971E7 /* Info.plist */,
			);
			path = PaperCalculator;
			sourceTree = "<group>";
		};
		BAB2A1D41D9BAABC003971E7 /* Class */ = {
			isa = PBXGroup;
			children = (
				BAB2A1DB1D9BAAFD003971E7 /* MainViewController.swift */,
				BAB2A1DC1D9BAAFD003971E7 /* MainViewController.xib */,
				BAB2A1DF1D9BAC53003971E7 /* SettingTableView.swift */,
				436F393E1D9BBF76002ECE19 /* ReviewPaperViewController.swift */,
			);
			path = Class;
			sourceTree = "<group>";
		};
		BAB2A1D51D9BAAC3003971E7 /* Model */ = {
			isa = PBXGroup;
			children = (
				BAB2A1D61D9BAAC3003971E7 /* PaperModel.swift */,
			);
			path = Model;
			sourceTree = "<group>";
		};
		BAB2A1D81D9BAACF003971E7 /* Utility */ = {
			isa = PBXGroup;
			children = (
				BAB2A1D91D9BAACF003971E7 /* BlockDefination.swift */,
				436F393B1D9BBEAA002ECE19 /* DataManager.swift */,
			);
			path = Utility;
			sourceTree = "<group>";
		};
/* End PBXGroup section */

/* Begin PBXNativeTarget section */
		BAB2A1BC1D9BA814003971E7 /* PaperCalculator */ = {
			isa = PBXNativeTarget;
			buildConfigurationList = BAB2A1CF1D9BA814003971E7 /* Build configuration list for PBXNativeTarget "PaperCalculator" */;
			buildPhases = (
				BAB2A1B91D9BA814003971E7 /* Sources */,
				BAB2A1BA1D9BA814003971E7 /* Frameworks */,
				BAB2A1BB1D9BA814003971E7 /* Resources */,
			);
			buildRules = (
			);
			dependencies = (
			);
			name = PaperCalculator;
			productName = PaperCalculator;
			productReference = BAB2A1BD1D9BA814003971E7 /* PaperCalculator.app */;
			productType = "com.apple.product-type.application";
		};
/* End PBXNativeTarget section */

/* Begin PBXProject section */
		BAB2A1B51D9BA814003971E7 /* Project object */ = {
			isa = PBXProject;
			attributes = {
				LastSwiftUpdateCheck = 0800;
				LastUpgradeCheck = 0800;
				ORGANIZATIONNAME = apple;
				TargetAttributes = {
					BAB2A1BC1D9BA814003971E7 = {
						CreatedOnToolsVersion = 8.0;
						DevelopmentTeam = 382ASS7UAT;
						ProvisioningStyle = Automatic;
					};
				};
			};
			buildConfigurationList = BAB2A1B81D9BA814003971E7 /* Build configuration list for PBXProject "PaperCalculator" */;
			compatibilityVersion = "Xcode 3.2";
			developmentRegion = English;
			hasScannedForEncodings = 0;
			knownRegions = (
				en,
				Base,
			);
			mainGroup = BAB2A1B41D9BA814003971E7;
			productRefGroup = BAB2A1BE1D9BA814003971E7 /* Products */;
			projectDirPath = "";
			projectRoot = "";
			targets = (
				BAB2A1BC1D9BA814003971E7 /* PaperCalculator */,
			);
		};
/* End PBXProject section */

/* Begin PBXResourcesBuildPhase section */
		BAB2A1BB1D9BA814003971E7 /* Resources */ = {
			isa = PBXResourcesBuildPhase;
			buildActionMask = 2147483647;
			files = (
				BAB2A1C81D9BA814003971E7 /* Assets.xcassets in Resources */,
				BAB2A1DE1D9BAAFD003971E7 /* MainViewController.xib in Resources */,
				BAB2A1D31D9BAAB0003971E7 /* Default-568h@2x.png in Resources */,
			);
			runOnlyForDeploymentPostprocessing = 0;
		};
/* End PBXResourcesBuildPhase section */

/* Begin PBXSourcesBuildPhase section */
		BAB2A1B91D9BA814003971E7 /* Sources */ = {
			isa = PBXSourcesBuildPhase;
			buildActionMask = 2147483647;
			files = (
				BAB2A1E01D9BAC53003971E7 /* SettingTableView.swift in Sources */,
				436F393C1D9BBEAA002ECE19 /* DataManager.swift in Sources */,
				4369A1DE1D9CB3A1005850ED /* ViewFrameExtension.swift in Sources */,
				436F39411D9BBF91002ECE19 /* ReviewPaperTableView.swift in Sources */,
				BAB2A1DA1D9BAACF003971E7 /* BlockDefination.swift in Sources */,
				436F393F1D9BBF76002ECE19 /* ReviewPaperViewController.swift in Sources */,
				BAB2A1C11D9BA814003971E7 /* AppDelegate.swift in Sources */,
				436F39431D9BC0D4002ECE19 /* QuestionTableViewCell.swift in Sources */,
				BAB2A1D71D9BAAC3003971E7 /* PaperModel.swift in Sources */,
				BAB2A1DD1D9BAAFD003971E7 /* MainViewController.swift in Sources */,
			);
			runOnlyForDeploymentPostprocessing = 0;
		};
/* End PBXSourcesBuildPhase section */

/* Begin XCBuildConfiguration section */
		BAB2A1CD1D9BA814003971E7 /* Debug */ = {
			isa = XCBuildConfiguration;
			buildSettings = {
				ALWAYS_SEARCH_USER_PATHS = NO;
				CLANG_ANALYZER_NONNULL = YES;
				CLANG_CXX_LANGUAGE_STANDARD = "gnu++0x";
				CLANG_CXX_LIBRARY = "libc++";
				CLANG_ENABLE_MODULES = YES;
				CLANG_ENABLE_OBJC_ARC = YES;
				CLANG_WARN_BOOL_CONVERSION = YES;
				CLANG_WARN_CONSTANT_CONVERSION = YES;
				CLANG_WARN_DIRECT_OBJC_ISA_USAGE = YES_ERROR;
				CLANG_WARN_DOCUMENTATION_COMMENTS = YES;
				CLANG_WARN_EMPTY_BODY = YES;
				CLANG_WARN_ENUM_CONVERSION = YES;
				CLANG_WARN_INFINITE_RECURSION = YES;
				CLANG_WARN_INT_CONVERSION = YES;
				CLANG_WARN_OBJC_ROOT_CLASS = YES_ERROR;
				CLANG_WARN_SUSPICIOUS_MOVES = YES;
				CLANG_WARN_UNREACHABLE_CODE = YES;
				CLANG_WARN__DUPLICATE_METHOD_MATCH = YES;
				"CODE_SIGN_IDENTITY[sdk=iphoneos*]" = "iPhone Developer";
				COPY_PHASE_STRIP = NO;
				DEBUG_INFORMATION_FORMAT = dwarf;
				ENABLE_STRICT_OBJC_MSGSEND = YES;
				ENABLE_TESTABILITY = YES;
				GCC_C_LANGUAGE_STANDARD = gnu99;
				GCC_DYNAMIC_NO_PIC = NO;
				GCC_NO_COMMON_BLOCKS = YES;
				GCC_OPTIMIZATION_LEVEL = 0;
				GCC_PREPROCESSOR_DEFINITIONS = (
					"DEBUG=1",
					"$(inherited)",
				);
				GCC_WARN_64_TO_32_BIT_CONVERSION = YES;
				GCC_WARN_ABOUT_RETURN_TYPE = YES_ERROR;
				GCC_WARN_UNDECLARED_SELECTOR = YES;
				GCC_WARN_UNINITIALIZED_AUTOS = YES_AGGRESSIVE;
				GCC_WARN_UNUSED_FUNCTION = YES;
				GCC_WARN_UNUSED_VARIABLE = YES;
				IPHONEOS_DEPLOYMENT_TARGET = 10.0;
				MTL_ENABLE_DEBUG_INFO = YES;
				ONLY_ACTIVE_ARCH = YES;
				SDKROOT = iphoneos;
				SWIFT_ACTIVE_COMPILATION_CONDITIONS = DEBUG;
				SWIFT_OPTIMIZATION_LEVEL = "-Onone";
				TARGETED_DEVICE_FAMILY = "1,2";
			};
			name = Debug;
		};
		BAB2A1CE1D9BA814003971E7 /* Release */ = {
			isa = XCBuildConfiguration;
			buildSettings = {
				ALWAYS_SEARCH_USER_PATHS = NO;
				CLANG_ANALYZER_NONNULL = YES;
				CLANG_CXX_LANGUAGE_STANDARD = "gnu++0x";
				CLANG_CXX_LIBRARY = "libc++";
				CLANG_ENABLE_MODULES = YES;
				CLANG_ENABLE_OBJC_ARC = YES;
				CLANG_WARN_BOOL_CONVERSION = YES;
				CLANG_WARN_CONSTANT_CONVERSION = YES;
				CLANG_WARN_DIRECT_OBJC_ISA_USAGE = YES_ERROR;
				CLANG_WARN_DOCUMENTATION_COMMENTS = YES;
				CLANG_WARN_EMPTY_BODY = YES;
				CLANG_WARN_ENUM_CONVERSION = YES;
				CLANG_WARN_INFINITE_RECURSION = YES;
				CLANG_WARN_INT_CONVERSION = YES;
				CLANG_WARN_OBJC_ROOT_CLASS = YES_ERROR;
				CLANG_WARN_SUSPICIOUS_MOVES = YES;
				CLANG_WARN_UNREACHABLE_CODE = YES;
				CLANG_WARN__DUPLICATE_METHOD_MATCH = YES;
				"CODE_SIGN_IDENTITY[sdk=iphoneos*]" = "iPhone Developer";
				COPY_PHASE_STRIP = NO;
				DEBUG_INFORMATION_FORMAT = "dwarf-with-dsym";
				ENABLE_NS_ASSERTIONS = NO;
				ENABLE_STRICT_OBJC_MSGSEND = YES;
				GCC_C_LANGUAGE_STANDARD = gnu99;
				GCC_NO_COMMON_BLOCKS = YES;
				GCC_WARN_64_TO_32_BIT_CONVERSION = YES;
				GCC_WARN_ABOUT_RETURN_TYPE = YES_ERROR;
				GCC_WARN_UNDECLARED_SELECTOR = YES;
				GCC_WARN_UNINITIALIZED_AUTOS = YES_AGGRESSIVE;
				GCC_WARN_UNUSED_FUNCTION = YES;
				GCC_WARN_UNUSED_VARIABLE = YES;
				IPHONEOS_DEPLOYMENT_TARGET = 10.0;
				MTL_ENABLE_DEBUG_INFO = NO;
				SDKROOT = iphoneos;
				SWIFT_OPTIMIZATION_LEVEL = "-Owholemodule";
				TARGETED_DEVICE_FAMILY = "1,2";
				VALIDATE_PRODUCT = YES;
			};
			name = Release;
		};
		BAB2A1D01D9BA814003971E7 /* Debug */ = {
			isa = XCBuildConfiguration;
			buildSettings = {
				ASSETCATALOG_COMPILER_APPICON_NAME = AppIcon;
				DEVELOPMENT_TEAM = 382ASS7UAT;
				INFOPLIST_FILE = PaperCalculator/Info.plist;
				LD_RUNPATH_SEARCH_PATHS = "$(inherited) @executable_path/Frameworks";
				PRODUCT_BUNDLE_IDENTIFIER = com.hollance.PaperCalculator;
				PRODUCT_NAME = "$(TARGET_NAME)";
				SWIFT_VERSION = 3.0;
			};
			name = Debug;
		};
		BAB2A1D11D9BA814003971E7 /* Release */ = {
			isa = XCBuildConfiguration;
			buildSettings = {
				ASSETCATALOG_COMPILER_APPICON_NAME = AppIcon;
				DEVELOPMENT_TEAM = 382ASS7UAT;
				INFOPLIST_FILE = PaperCalculator/Info.plist;
				LD_RUNPATH_SEARCH_PATHS = "$(inherited) @executable_path/Frameworks";
				PRODUCT_BUNDLE_IDENTIFIER = com.hollance.PaperCalculator;
				PRODUCT_NAME = "$(TARGET_NAME)";
				SWIFT_VERSION = 3.0;
			};
			name = Release;
		};
/* End XCBuildConfiguration section */

/* Begin XCConfigurationList section */
		BAB2A1B81D9BA814003971E7 /* Build configuration list for PBXProject "PaperCalculator" */ = {
			isa = XCConfigurationList;
			buildConfigurations = (
				BAB2A1CD1D9BA814003971E7 /* Debug */,
				BAB2A1CE1D9BA814003971E7 /* Release */,
			);
			defaultConfigurationIsVisible = 0;
			defaultConfigurationName = Release;
		};
		BAB2A1CF1D9BA814003971E7 /* Build configuration list for PBXNativeTarget "PaperCalculator" */ = {
			isa = XCConfigurationList;
			buildConfigurations = (
				BAB2A1D01D9BA814003971E7 /* Debug */,
				BAB2A1D11D9BA814003971E7 /* Release */,
			);
			defaultConfigurationIsVisible = 0;
			defaultConfigurationName = Release;
		};
/* End XCConfigurationList section */
	};
	rootObject = BAB2A1B51D9BA814003971E7 /* Project object */;
}
